
Microsoft Visual Studio Solution File, Format Version 12.00
# Visual Studio 15
VisualStudioVersion = 15.0.26430.14
MinimumVisualStudioVersion = 10.0.40219.1
Project("{FAE04EC0-301F-11D3-BF4B-00C04F79EFBC}") = "DayEye", "DayEye\DayEye.csproj", "{C2371AF4-87D9-4B08-A4EE-847A7C655615}"
EndProject
Project("{00D1A9C2-B5F0-4AF3-8072-F6C62B433612}") = "DayEyeDb", "DayEyeDb\DayEyeDb.sqlproj", "{3E62FC22-5009-4BB6-A860-368462D73F7D}"
EndProject
Global
	GlobalSection(SolutionConfigurationPlatforms) = preSolution
		Debug|Any CPU = Debug|Any CPU
		Release|Any CPU = Release|Any CPU
	EndGlobalSection
	GlobalSection(ProjectConfigurationPlatforms) = postSolution
		{C2371AF4-87D9-4B08-A4EE-847A7C655615}.Debug|Any CPU.ActiveCfg = Debug|Any CPU
		{C2371AF4-87D9-4B08-A4EE-847A7C655615}.Debug|Any CPU.Build.0 = Debug|Any CPU
		{C2371AF4-87D9-4B08-A4EE-847A7C655615}.Release|Any CPU.ActiveCfg = Release|Any CPU
		{C2371AF4-87D9-4B08-A4EE-847A7C655615}.Release|Any CPU.Build.0 = Release|Any CPU
		{3E62FC22-5009-4BB6-A860-368462D73F7D}.Debug|Any CPU.ActiveCfg = Debug|Any CPU
		{3E62FC22-5009-4BB6-A860-368462D73F7D}.Debug|Any CPU.Build.0 = Debug|Any CPU
		{3E62FC22-5009-4BB6-A860-368462D73F7D}.Debug|Any CPU.Deploy.0 = Debug|Any CPU
		{3E62FC22-5009-4BB6-A860-368462D73F7D}.Release|Any CPU.ActiveCfg = Release|Any CPU
		{3E62FC22-5009-4BB6-A860-368462D73F7D}.Release|Any CPU.Build.0 = Release|Any CPU
		{3E62FC22-5009-4BB6-A860-368462D73F7D}.Release|Any CPU.Deploy.0 = Release|Any CPU
	EndGlobalSection
	GlobalSection(SolutionProperties) = preSolution
		HideSolutionNode = FALSE
	EndGlobalSection
EndGlobal
